
Microsoft Visual Studio Solution File, Format Version 12.00
# Visual Studio Version 16
VisualStudioVersion = 16.0.32510.428
MinimumVisualStudioVersion = 10.0.40219.1
Project("{FAE04EC0-301F-11D3-BF4B-00C04F79EFBC}") = "AbcSchool", "AbcSchool\AbcSchool.csproj", "{6C198428-A912-40F0-8BBB-E26E36172A2C}"
EndProject
Global
	GlobalSection(SolutionConfigurationPlatforms) = preSolution
		Debug|Any CPU = Debug|Any CPU
		Release|Any CPU = Release|Any CPU
	EndGlobalSection
	GlobalSection(ProjectConfigurationPlatforms) = postSolution
		{6C198428-A912-40F0-8BBB-E26E36172A2C}.Debug|Any CPU.ActiveCfg = Debug|Any CPU
		{6C198428-A912-40F0-8BBB-E26E36172A2C}.Debug|Any CPU.Build.0 = Debug|Any CPU
		{6C198428-A912-40F0-8BBB-E26E36172A2C}.Release|Any CPU.ActiveCfg = Release|Any CPU
		{6C198428-A912-40F0-8BBB-E26E36172A2C}.Release|Any CPU.Build.0 = Release|Any CPU
	EndGlobalSection
	GlobalSection(SolutionProperties) = preSolution
		HideSolutionNode = FALSE
	EndGlobalSection
	GlobalSection(ExtensibilityGlobals) = postSolution
		SolutionGuid = {6FA5462E-A5CF-42FB-B865-DE9A18C3801E}
	EndGlobalSection
EndGlobal
